
Microsoft Visual Studio Solution File, Format Version 12.00
# Visual Studio Version 16
VisualStudioVersion = 16.0.29020.237
MinimumVisualStudioVersion = 10.0.40219.1
Project("{FAE04EC0-301F-11D3-BF4B-00C04F79EFBC}") = "ShrinkUnifiedGeoJSON", "ShrinkUnifiedGeoJSON.csproj", "{84299AAB-B6E1-46CA-95F5-23905FC17F48}"
EndProject
Global
	GlobalSection(SolutionConfigurationPlatforms) = preSolution
		Debug|Any CPU = Debug|Any CPU
		Release|Any CPU = Release|Any CPU
	EndGlobalSection
	GlobalSection(ProjectConfigurationPlatforms) = postSolution
		{84299AAB-B6E1-46CA-95F5-23905FC17F48}.Debug|Any CPU.ActiveCfg = Debug|Any CPU
		{84299AAB-B6E1-46CA-95F5-23905FC17F48}.Debug|Any CPU.Build.0 = Debug|Any CPU
		{84299AAB-B6E1-46CA-95F5-23905FC17F48}.Release|Any CPU.ActiveCfg = Release|Any CPU
		{84299AAB-B6E1-46CA-95F5-23905FC17F48}.Release|Any CPU.Build.0 = Release|Any CPU
	EndGlobalSection
	GlobalSection(SolutionProperties) = preSolution
		HideSolutionNode = FALSE
	EndGlobalSection
	GlobalSection(ExtensibilityGlobals) = postSolution
		SolutionGuid = {CEFA3DCE-5653-489E-A122-F39443EDBC4E}
	EndGlobalSection
EndGlobal
